
Microsoft Visual Studio Solution File, Format Version 12.00
# Visual Studio Version 16
VisualStudioVersion = 16.0.32413.511
MinimumVisualStudioVersion = 10.0.40219.1
Project("{FAE04EC0-301F-11D3-BF4B-00C04F79EFBC}") = "lab3_game", "lab3_game\lab3_game.csproj", "{858EDD8B-F51F-4771-92E5-AA299BE7A600}"
EndProject
Global
	GlobalSection(SolutionConfigurationPlatforms) = preSolution
		Debug|Any CPU = Debug|Any CPU
		Release|Any CPU = Release|Any CPU
	EndGlobalSection
	GlobalSection(ProjectConfigurationPlatforms) = postSolution
		{858EDD8B-F51F-4771-92E5-AA299BE7A600}.Debug|Any CPU.ActiveCfg = Debug|Any CPU
		{858EDD8B-F51F-4771-92E5-AA299BE7A600}.Debug|Any CPU.Build.0 = Debug|Any CPU
		{858EDD8B-F51F-4771-92E5-AA299BE7A600}.Release|Any CPU.ActiveCfg = Release|Any CPU
		{858EDD8B-F51F-4771-92E5-AA299BE7A600}.Release|Any CPU.Build.0 = Release|Any CPU
	EndGlobalSection
	GlobalSection(SolutionProperties) = preSolution
		HideSolutionNode = FALSE
	EndGlobalSection
	GlobalSection(ExtensibilityGlobals) = postSolution
		SolutionGuid = {B220D5DC-7D03-46B1-A930-7D59378D18CB}
	EndGlobalSection
EndGlobal
